// !$*UTF8*$!
{
	archiveVersion = 1;
	classes = {
	};
	objectVersion = 50;
	objects = {

/* Begin PBXBuildFile section */
		166B1F062285CC0C00B84AF0 /* AppDelegate.swift in Sources */ = {isa = PBXBuildFile; fileRef = 166B1F052285CC0C00B84AF0 /* AppDelegate.swift */; };
		166B1F0B2285CC0C00B84AF0 /* Main.storyboard in Resources */ = {isa = PBXBuildFile; fileRef = 166B1F092285CC0C00B84AF0 /* Main.storyboard */; };
		166B1F0D2285CC0C00B84AF0 /* Assets.xcassets in Resources */ = {isa = PBXBuildFile; fileRef = 166B1F0C2285CC0C00B84AF0 /* Assets.xcassets */; };
		166B1F102285CC0C00B84AF0 /* LaunchScreen.storyboard in Resources */ = {isa = PBXBuildFile; fileRef = 166B1F0E2285CC0C00B84AF0 /* LaunchScreen.storyboard */; };
		166B1F1B2285CC0C00B84AF0 /* ShoppingListTests.swift in Sources */ = {isa = PBXBuildFile; fileRef = 166B1F1A2285CC0C00B84AF0 /* ShoppingListTests.swift */; };
		166B1F262285CC0C00B84AF0 /* ShoppingListUITests.swift in Sources */ = {isa = PBXBuildFile; fileRef = 166B1F252285CC0C00B84AF0 /* ShoppingListUITests.swift */; };
		166B1F352285CCB900B84AF0 /* Task+Convenience.swift in Sources */ = {isa = PBXBuildFile; fileRef = 166B1F342285CCB900B84AF0 /* Task+Convenience.swift */; };
		166B1F382285CCC900B84AF0 /* List.xcdatamodeld in Sources */ = {isa = PBXBuildFile; fileRef = 166B1F362285CCC900B84AF0 /* List.xcdatamodeld */; };
		166B1F3B2285CF2A00B84AF0 /* CoreDataStack.swift in Sources */ = {isa = PBXBuildFile; fileRef = 166B1F3A2285CF2A00B84AF0 /* CoreDataStack.swift */; };
		166B1F3E2285D2B900B84AF0 /* ListTableViewController.swift in Sources */ = {isa = PBXBuildFile; fileRef = 166B1F3D2285D2B900B84AF0 /* ListTableViewController.swift */; };
		166B1F412285D4D300B84AF0 /* ButtonTableViewCell.swift in Sources */ = {isa = PBXBuildFile; fileRef = 166B1F402285D4D300B84AF0 /* ButtonTableViewCell.swift */; };
		166B1F462285DA2A00B84AF0 /* TaskController.swift in Sources */ = {isa = PBXBuildFile; fileRef = 166B1F452285DA2A00B84AF0 /* TaskController.swift */; };
		166B1F492285F33000B84AF0 /* AlertAction.swift in Sources */ = {isa = PBXBuildFile; fileRef = 166B1F482285F33000B84AF0 /* AlertAction.swift */; };
/* End PBXBuildFile section */

/* Begin PBXContainerItemProxy section */
		166B1F172285CC0C00B84AF0 /* PBXContainerItemProxy */ = {
			isa = PBXContainerItemProxy;
			containerPortal = 166B1EFA2285CC0C00B84AF0 /* Project object */;
			proxyType = 1;
			remoteGlobalIDString = 166B1F012285CC0C00B84AF0;
			remoteInfo = ShoppingList;
		};
		166B1F222285CC0C00B84AF0 /* PBXContainerItemProxy */ = {
			isa = PBXContainerItemProxy;
			containerPortal = 166B1EFA2285CC0C00B84AF0 /* Project object */;
			proxyType = 1;
			remoteGlobalIDString = 166B1F012285CC0C00B84AF0;
			remoteInfo = ShoppingList;
		};
/* End PBXContainerItemProxy section */

/* Begin PBXFileReference section */
		166B1F022285CC0C00B84AF0 /* List.app */ = {isa = PBXFileReference; explicitFileType = wrapper.application; includeInIndex = 0; path = List.app; sourceTree = BUILT_PRODUCTS_DIR; };
		166B1F052285CC0C00B84AF0 /* AppDelegate.swift */ = {isa = PBXFileReference; lastKnownFileType = sourcecode.swift; path = AppDelegate.swift; sourceTree = "<group>"; };
		166B1F0A2285CC0C00B84AF0 /* Base */ = {isa = PBXFileReference; lastKnownFileType = file.storyboard; name = Base; path = Base.lproj/Main.storyboard; sourceTree = "<group>"; };
		166B1F0C2285CC0C00B84AF0 /* Assets.xcassets */ = {isa = PBXFileReference; lastKnownFileType = folder.assetcatalog; path = Assets.xcassets; sourceTree = "<group>"; };
		166B1F0F2285CC0C00B84AF0 /* Base */ = {isa = PBXFileReference; lastKnownFileType = file.storyboard; name = Base; path = Base.lproj/LaunchScreen.storyboard; sourceTree = "<group>"; };
		166B1F112285CC0C00B84AF0 /* Info.plist */ = {isa = PBXFileReference; lastKnownFileType = text.plist.xml; path = Info.plist; sourceTree = "<group>"; };
		166B1F162285CC0C00B84AF0 /* ListTests.xctest */ = {isa = PBXFileReference; explicitFileType = wrapper.cfbundle; includeInIndex = 0; path = ListTests.xctest; sourceTree = BUILT_PRODUCTS_DIR; };
		166B1F1A2285CC0C00B84AF0 /* ShoppingListTests.swift */ = {isa = PBXFileReference; lastKnownFileType = sourcecode.swift; path = ShoppingListTests.swift; sourceTree = "<group>"; };
		166B1F1C2285CC0C00B84AF0 /* Info.plist */ = {isa = PBXFileReference; lastKnownFileType = text.plist.xml; path = Info.plist; sourceTree = "<group>"; };
		166B1F212285CC0C00B84AF0 /* ListUITests.xctest */ = {isa = PBXFileReference; explicitFileType = wrapper.cfbundle; includeInIndex = 0; path = ListUITests.xctest; sourceTree = BUILT_PRODUCTS_DIR; };
		166B1F252285CC0C00B84AF0 /* ShoppingListUITests.swift */ = {isa = PBXFileReference; lastKnownFileType = sourcecode.swift; path = ShoppingListUITests.swift; sourceTree = "<group>"; };
		166B1F272285CC0C00B84AF0 /* Info.plist */ = {isa = PBXFileReference; lastKnownFileType = text.plist.xml; path = Info.plist; sourceTree = "<group>"; };
		166B1F342285CCB900B84AF0 /* Task+Convenience.swift */ = {isa = PBXFileReference; lastKnownFileType = sourcecode.swift; path = "Task+Convenience.swift"; sourceTree = "<group>"; };
		166B1F372285CCC900B84AF0 /* ShoppingList.xcdatamodel */ = {isa = PBXFileReference; lastKnownFileType = wrapper.xcdatamodel; path = ShoppingList.xcdatamodel; sourceTree = "<group>"; };
		166B1F3A2285CF2A00B84AF0 /* CoreDataStack.swift */ = {isa = PBXFileReference; lastKnownFileType = sourcecode.swift; path = CoreDataStack.swift; sourceTree = "<group>"; };
		166B1F3D2285D2B900B84AF0 /* ListTableViewController.swift */ = {isa = PBXFileReference; lastKnownFileType = sourcecode.swift; path = ListTableViewController.swift; sourceTree = "<group>"; };
		166B1F402285D4D300B84AF0 /* ButtonTableViewCell.swift */ = {isa = PBXFileReference; lastKnownFileType = sourcecode.swift; path = ButtonTableViewCell.swift; sourceTree = "<group>"; };
		166B1F452285DA2A00B84AF0 /* TaskController.swift */ = {isa = PBXFileReference; lastKnownFileType = sourcecode.swift; path = TaskController.swift; sourceTree = "<group>"; };
		166B1F482285F33000B84AF0 /* AlertAction.swift */ = {isa = PBXFileReference; lastKnownFileType = sourcecode.swift; path = AlertAction.swift; sourceTree = "<group>"; };
/* End PBXFileReference section */

/* Begin PBXFrameworksBuildPhase section */
		166B1EFF2285CC0C00B84AF0 /* Frameworks */ = {
			isa = PBXFrameworksBuildPhase;
			buildActionMask = 2147483647;
			files = (
			);
			runOnlyForDeploymentPostprocessing = 0;
		};
		166B1F132285CC0C00B84AF0 /* Frameworks */ = {
			isa = PBXFrameworksBuildPhase;
			buildActionMask = 2147483647;
			files = (
			);
			runOnlyForDeploymentPostprocessing = 0;
		};
		166B1F1E2285CC0C00B84AF0 /* Frameworks */ = {
			isa = PBXFrameworksBuildPhase;
			buildActionMask = 2147483647;
			files = (
			);
			runOnlyForDeploymentPostprocessing = 0;
		};
/* End PBXFrameworksBuildPhase section */

/* Begin PBXGroup section */
		166B1EF92285CC0C00B84AF0 = {
			isa = PBXGroup;
			children = (
				166B1F042285CC0C00B84AF0 /* ShoppingList */,
				166B1F192285CC0C00B84AF0 /* ShoppingListTests */,
				166B1F242285CC0C00B84AF0 /* ShoppingListUITests */,
				166B1F032285CC0C00B84AF0 /* Products */,
				166B1F332285CC3100B84AF0 /* Resources */,
			);
			sourceTree = "<group>";
		};
		166B1F032285CC0C00B84AF0 /* Products */ = {
			isa = PBXGroup;
			children = (
				166B1F022285CC0C00B84AF0 /* List.app */,
				166B1F162285CC0C00B84AF0 /* ListTests.xctest */,
				166B1F212285CC0C00B84AF0 /* ListUITests.xctest */,
			);
			name = Products;
			sourceTree = "<group>";
		};
		166B1F042285CC0C00B84AF0 /* ShoppingList */ = {
			isa = PBXGroup;
			children = (
				166B1F422285D4EE00B84AF0 /* Storyboards */,
				166B1F3C2285CF3000B84AF0 /* Helpers */,
				166B1F392285CCD200B84AF0 /* Model */,
			);
			path = ShoppingList;
			sourceTree = "<group>";
		};
		166B1F192285CC0C00B84AF0 /* ShoppingListTests */ = {
			isa = PBXGroup;
			children = (
				166B1F1A2285CC0C00B84AF0 /* ShoppingListTests.swift */,
				166B1F1C2285CC0C00B84AF0 /* Info.plist */,
			);
			path = ShoppingListTests;
			sourceTree = "<group>";
		};
		166B1F242285CC0C00B84AF0 /* ShoppingListUITests */ = {
			isa = PBXGroup;
			children = (
				166B1F252285CC0C00B84AF0 /* ShoppingListUITests.swift */,
				166B1F272285CC0C00B84AF0 /* Info.plist */,
			);
			path = ShoppingListUITests;
			sourceTree = "<group>";
		};
		166B1F332285CC3100B84AF0 /* Resources */ = {
			isa = PBXGroup;
			children = (
				166B1F052285CC0C00B84AF0 /* AppDelegate.swift */,
				166B1F0C2285CC0C00B84AF0 /* Assets.xcassets */,
				166B1F0E2285CC0C00B84AF0 /* LaunchScreen.storyboard */,
				166B1F112285CC0C00B84AF0 /* Info.plist */,
			);
			path = Resources;
			sourceTree = "<group>";
		};
		166B1F392285CCD200B84AF0 /* Model */ = {
			isa = PBXGroup;
			children = (
				166B1F342285CCB900B84AF0 /* Task+Convenience.swift */,
				166B1F362285CCC900B84AF0 /* List.xcdatamodeld */,
				166B1F3F2285D2C300B84AF0 /* View Controller */,
			);
			path = Model;
			sourceTree = "<group>";
		};
		166B1F3C2285CF3000B84AF0 /* Helpers */ = {
			isa = PBXGroup;
			children = (
				166B1F3A2285CF2A00B84AF0 /* CoreDataStack.swift */,
			);
			path = Helpers;
			sourceTree = "<group>";
		};
		166B1F3F2285D2C300B84AF0 /* View Controller */ = {
			isa = PBXGroup;
			children = (
				166B1F3D2285D2B900B84AF0 /* ListTableViewController.swift */,
				166B1F402285D4D300B84AF0 /* ButtonTableViewCell.swift */,
			);
			path = "View Controller";
			sourceTree = "<group>";
		};
		166B1F422285D4EE00B84AF0 /* Storyboards */ = {
			isa = PBXGroup;
			children = (
				166B1F092285CC0C00B84AF0 /* Main.storyboard */,
				166B1F472285DE5A00B84AF0 /* Controller */,
			);
			path = Storyboards;
			sourceTree = "<group>";
		};
		166B1F472285DE5A00B84AF0 /* Controller */ = {
			isa = PBXGroup;
			children = (
				166B1F452285DA2A00B84AF0 /* TaskController.swift */,
				166B1F482285F33000B84AF0 /* AlertAction.swift */,
			);
			path = Controller;
			sourceTree = "<group>";
		};
/* End PBXGroup section */

/* Begin PBXNativeTarget section */
		166B1F012285CC0C00B84AF0 /* List */ = {
			isa = PBXNativeTarget;
			buildConfigurationList = 166B1F2A2285CC0C00B84AF0 /* Build configuration list for PBXNativeTarget "List" */;
			buildPhases = (
				166B1EFE2285CC0C00B84AF0 /* Sources */,
				166B1EFF2285CC0C00B84AF0 /* Frameworks */,
				166B1F002285CC0C00B84AF0 /* Resources */,
			);
			buildRules = (
			);
			dependencies = (
			);
			name = List;
			productName = ShoppingList;
			productReference = 166B1F022285CC0C00B84AF0 /* List.app */;
			productType = "com.apple.product-type.application";
		};
		166B1F152285CC0C00B84AF0 /* ListTests */ = {
			isa = PBXNativeTarget;
			buildConfigurationList = 166B1F2D2285CC0C00B84AF0 /* Build configuration list for PBXNativeTarget "ListTests" */;
			buildPhases = (
				166B1F122285CC0C00B84AF0 /* Sources */,
				166B1F132285CC0C00B84AF0 /* Frameworks */,
				166B1F142285CC0C00B84AF0 /* Resources */,
			);
			buildRules = (
			);
			dependencies = (
				166B1F182285CC0C00B84AF0 /* PBXTargetDependency */,
			);
			name = ListTests;
			productName = ShoppingListTests;
			productReference = 166B1F162285CC0C00B84AF0 /* ListTests.xctest */;
			productType = "com.apple.product-type.bundle.unit-test";
		};
		166B1F202285CC0C00B84AF0 /* ListUITests */ = {
			isa = PBXNativeTarget;
			buildConfigurationList = 166B1F302285CC0C00B84AF0 /* Build configuration list for PBXNativeTarget "ListUITests" */;
			buildPhases = (
				166B1F1D2285CC0C00B84AF0 /* Sources */,
				166B1F1E2285CC0C00B84AF0 /* Frameworks */,
				166B1F1F2285CC0C00B84AF0 /* Resources */,
			);
			buildRules = (
			);
			dependencies = (
				166B1F232285CC0C00B84AF0 /* PBXTargetDependency */,
			);
			name = ListUITests;
			productName = ShoppingListUITests;
			productReference = 166B1F212285CC0C00B84AF0 /* ListUITests.xctest */;
			productType = "com.apple.product-type.bundle.ui-testing";
		};
/* End PBXNativeTarget section */

/* Begin PBXProject section */
		166B1EFA2285CC0C00B84AF0 /* Project object */ = {
			isa = PBXProject;
			attributes = {
				LastSwiftUpdateCheck = 1020;
				LastUpgradeCheck = 1020;
				ORGANIZATIONNAME = "Leah Cluff";
				TargetAttributes = {
					166B1F012285CC0C00B84AF0 = {
						CreatedOnToolsVersion = 10.2.1;
					};
					166B1F152285CC0C00B84AF0 = {
						CreatedOnToolsVersion = 10.2.1;
						TestTargetID = 166B1F012285CC0C00B84AF0;
					};
					166B1F202285CC0C00B84AF0 = {
						CreatedOnToolsVersion = 10.2.1;
						TestTargetID = 166B1F012285CC0C00B84AF0;
					};
				};
			};
			buildConfigurationList = 166B1EFD2285CC0C00B84AF0 /* Build configuration list for PBXProject "List" */;
			compatibilityVersion = "Xcode 9.3";
			developmentRegion = en;
			hasScannedForEncodings = 0;
			knownRegions = (
				en,
				Base,
			);
			mainGroup = 166B1EF92285CC0C00B84AF0;
			productRefGroup = 166B1F032285CC0C00B84AF0 /* Products */;
			projectDirPath = "";
			projectRoot = "";
			targets = (
				166B1F012285CC0C00B84AF0 /* List */,
				166B1F152285CC0C00B84AF0 /* ListTests */,
				166B1F202285CC0C00B84AF0 /* ListUITests */,
			);
		};
/* End PBXProject section */

/* Begin PBXResourcesBuildPhase section */
		166B1F002285CC0C00B84AF0 /* Resources */ = {
			isa = PBXResourcesBuildPhase;
			buildActionMask = 2147483647;
			files = (
				166B1F102285CC0C00B84AF0 /* LaunchScreen.storyboard in Resources */,
				166B1F0D2285CC0C00B84AF0 /* Assets.xcassets in Resources */,
				166B1F0B2285CC0C00B84AF0 /* Main.storyboard in Resources */,
			);
			runOnlyForDeploymentPostprocessing = 0;
		};
		166B1F142285CC0C00B84AF0 /* Resources */ = {
			isa = PBXResourcesBuildPhase;
			buildActionMask = 2147483647;
			files = (
			);
			runOnlyForDeploymentPostprocessing = 0;
		};
		166B1F1F2285CC0C00B84AF0 /* Resources */ = {
			isa = PBXResourcesBuildPhase;
			buildActionMask = 2147483647;
			files = (
			);
			runOnlyForDeploymentPostprocessing = 0;
		};
/* End PBXResourcesBuildPhase section */

/* Begin PBXSourcesBuildPhase section */
		166B1EFE2285CC0C00B84AF0 /* Sources */ = {
			isa = PBXSourcesBuildPhase;
			buildActionMask = 2147483647;
			files = (
				166B1F382285CCC900B84AF0 /* List.xcdatamodeld in Sources */,
				166B1F352285CCB900B84AF0 /* Task+Convenience.swift in Sources */,
				166B1F492285F33000B84AF0 /* AlertAction.swift in Sources */,
				166B1F062285CC0C00B84AF0 /* AppDelegate.swift in Sources */,
				166B1F412285D4D300B84AF0 /* ButtonTableViewCell.swift in Sources */,
				166B1F3E2285D2B900B84AF0 /* ListTableViewController.swift in Sources */,
				166B1F3B2285CF2A00B84AF0 /* CoreDataStack.swift in Sources */,
				166B1F462285DA2A00B84AF0 /* TaskController.swift in Sources */,
			);
			runOnlyForDeploymentPostprocessing = 0;
		};
		166B1F122285CC0C00B84AF0 /* Sources */ = {
			isa = PBXSourcesBuildPhase;
			buildActionMask = 2147483647;
			files = (
				166B1F1B2285CC0C00B84AF0 /* ShoppingListTests.swift in Sources */,
			);
			runOnlyForDeploymentPostprocessing = 0;
		};
		166B1F1D2285CC0C00B84AF0 /* Sources */ = {
			isa = PBXSourcesBuildPhase;
			buildActionMask = 2147483647;
			files = (
				166B1F262285CC0C00B84AF0 /* ShoppingListUITests.swift in Sources */,
			);
			runOnlyForDeploymentPostprocessing = 0;
		};
/* End PBXSourcesBuildPhase section */

/* Begin PBXTargetDependency section */
		166B1F182285CC0C00B84AF0 /* PBXTargetDependency */ = {
			isa = PBXTargetDependency;
			target = 166B1F012285CC0C00B84AF0 /* List */;
			targetProxy = 166B1F172285CC0C00B84AF0 /* PBXContainerItemProxy */;
		};
		166B1F232285CC0C00B84AF0 /* PBXTargetDependency */ = {
			isa = PBXTargetDependency;
			target = 166B1F012285CC0C00B84AF0 /* List */;
			targetProxy = 166B1F222285CC0C00B84AF0 /* PBXContainerItemProxy */;
		};
/* End PBXTargetDependency section */

/* Begin PBXVariantGroup section */
		166B1F092285CC0C00B84AF0 /* Main.storyboard */ = {
			isa = PBXVariantGroup;
			children = (
				166B1F0A2285CC0C00B84AF0 /* Base */,
			);
			name = Main.storyboard;
			sourceTree = "<group>";
		};
		166B1F0E2285CC0C00B84AF0 /* LaunchScreen.storyboard */ = {
			isa = PBXVariantGroup;
			children = (
				166B1F0F2285CC0C00B84AF0 /* Base */,
			);
			name = LaunchScreen.storyboard;
			sourceTree = "<group>";
		};
/* End PBXVariantGroup section */

/* Begin XCBuildConfiguration section */
		166B1F282285CC0C00B84AF0 /* Debug */ = {
			isa = XCBuildConfiguration;
			buildSettings = {
				ALWAYS_SEARCH_USER_PATHS = NO;
				CLANG_ANALYZER_NONNULL = YES;
				CLANG_ANALYZER_NUMBER_OBJECT_CONVERSION = YES_AGGRESSIVE;
				CLANG_CXX_LANGUAGE_STANDARD = "gnu++14";
				CLANG_CXX_LIBRARY = "libc++";
				CLANG_ENABLE_MODULES = YES;
				CLANG_ENABLE_OBJC_ARC = YES;
				CLANG_ENABLE_OBJC_WEAK = YES;
				CLANG_WARN_BLOCK_CAPTURE_AUTORELEASING = YES;
				CLANG_WARN_BOOL_CONVERSION = YES;
				CLANG_WARN_COMMA = YES;
				CLANG_WARN_CONSTANT_CONVERSION = YES;
				CLANG_WARN_DEPRECATED_OBJC_IMPLEMENTATIONS = YES;
				CLANG_WARN_DIRECT_OBJC_ISA_USAGE = YES_ERROR;
				CLANG_WARN_DOCUMENTATION_COMMENTS = YES;
				CLANG_WARN_EMPTY_BODY = YES;
				CLANG_WARN_ENUM_CONVERSION = YES;
				CLANG_WARN_INFINITE_RECURSION = YES;
				CLANG_WARN_INT_CONVERSION = YES;
				CLANG_WARN_NON_LITERAL_NULL_CONVERSION = YES;
				CLANG_WARN_OBJC_IMPLICIT_RETAIN_SELF = YES;
				CLANG_WARN_OBJC_LITERAL_CONVERSION = YES;
				CLANG_WARN_OBJC_ROOT_CLASS = YES_ERROR;
				CLANG_WARN_RANGE_LOOP_ANALYSIS = YES;
				CLANG_WARN_STRICT_PROTOTYPES = YES;
				CLANG_WARN_SUSPICIOUS_MOVE = YES;
				CLANG_WARN_UNGUARDED_AVAILABILITY = YES_AGGRESSIVE;
				CLANG_WARN_UNREACHABLE_CODE = YES;
				CLANG_WARN__DUPLICATE_METHOD_MATCH = YES;
				CODE_SIGN_IDENTITY = "iPhone Developer";
				COPY_PHASE_STRIP = NO;
				DEBUG_INFORMATION_FORMAT = dwarf;
				ENABLE_STRICT_OBJC_MSGSEND = YES;
				ENABLE_TESTABILITY = YES;
				GCC_C_LANGUAGE_STANDARD = gnu11;
				GCC_DYNAMIC_NO_PIC = NO;
				GCC_NO_COMMON_BLOCKS = YES;
				GCC_OPTIMIZATION_LEVEL = 0;
				GCC_PREPROCESSOR_DEFINITIONS = (
					"DEBUG=1",
					"$(inherited)",
				);
				GCC_WARN_64_TO_32_BIT_CONVERSION = YES;
				GCC_WARN_ABOUT_RETURN_TYPE = YES_ERROR;
				GCC_WARN_UNDECLARED_SELECTOR = YES;
				GCC_WARN_UNINITIALIZED_AUTOS = YES_AGGRESSIVE;
				GCC_WARN_UNUSED_FUNCTION = YES;
				GCC_WARN_UNUSED_VARIABLE = YES;
				IPHONEOS_DEPLOYMENT_TARGET = 12.2;
				MTL_ENABLE_DEBUG_INFO = INCLUDE_SOURCE;
				MTL_FAST_MATH = YES;
				ONLY_ACTIVE_ARCH = YES;
				SDKROOT = iphoneos;
				SWIFT_ACTIVE_COMPILATION_CONDITIONS = DEBUG;
				SWIFT_OPTIMIZATION_LEVEL = "-Onone";
			};
			name = Debug;
		};
		166B1F292285CC0C00B84AF0 /* Release */ = {
			isa = XCBuildConfiguration;
			buildSettings = {
				ALWAYS_SEARCH_USER_PATHS = NO;
				CLANG_ANALYZER_NONNULL = YES;
				CLANG_ANALYZER_NUMBER_OBJECT_CONVERSION = YES_AGGRESSIVE;
				CLANG_CXX_LANGUAGE_STANDARD = "gnu++14";
				CLANG_CXX_LIBRARY = "libc++";
				CLANG_ENABLE_MODULES = YES;
				CLANG_ENABLE_OBJC_ARC = YES;
				CLANG_ENABLE_OBJC_WEAK = YES;
				CLANG_WARN_BLOCK_CAPTURE_AUTORELEASING = YES;
				CLANG_WARN_BOOL_CONVERSION = YES;
				CLANG_WARN_COMMA = YES;
				CLANG_WARN_CONSTANT_CONVERSION = YES;
				CLANG_WARN_DEPRECATED_OBJC_IMPLEMENTATIONS = YES;
				CLANG_WARN_DIRECT_OBJC_ISA_USAGE = YES_ERROR;
				CLANG_WARN_DOCUMENTATION_COMMENTS = YES;
				CLANG_WARN_EMPTY_BODY = YES;
				CLANG_WARN_ENUM_CONVERSION = YES;
				CLANG_WARN_INFINITE_RECURSION = YES;
				CLANG_WARN_INT_CONVERSION = YES;
				CLANG_WARN_NON_LITERAL_NULL_CONVERSION = YES;
				CLANG_WARN_OBJC_IMPLICIT_RETAIN_SELF = YES;
				CLANG_WARN_OBJC_LITERAL_CONVERSION = YES;
				CLANG_WARN_OBJC_ROOT_CLASS = YES_ERROR;
				CLANG_WARN_RANGE_LOOP_ANALYSIS = YES;
				CLANG_WARN_STRICT_PROTOTYPES = YES;
				CLANG_WARN_SUSPICIOUS_MOVE = YES;
				CLANG_WARN_UNGUARDED_AVAILABILITY = YES_AGGRESSIVE;
				CLANG_WARN_UNREACHABLE_CODE = YES;
				CLANG_WARN__DUPLICATE_METHOD_MATCH = YES;
				CODE_SIGN_IDENTITY = "iPhone Developer";
				COPY_PHASE_STRIP = NO;
				DEBUG_INFORMATION_FORMAT = "dwarf-with-dsym";
				ENABLE_NS_ASSERTIONS = NO;
				ENABLE_STRICT_OBJC_MSGSEND = YES;
				GCC_C_LANGUAGE_STANDARD = gnu11;
				GCC_NO_COMMON_BLOCKS = YES;
				GCC_WARN_64_TO_32_BIT_CONVERSION = YES;
				GCC_WARN_ABOUT_RETURN_TYPE = YES_ERROR;
				GCC_WARN_UNDECLARED_SELECTOR = YES;
				GCC_WARN_UNINITIALIZED_AUTOS = YES_AGGRESSIVE;
				GCC_WARN_UNUSED_FUNCTION = YES;
				GCC_WARN_UNUSED_VARIABLE = YES;
				IPHONEOS_DEPLOYMENT_TARGET = 12.2;
				MTL_ENABLE_DEBUG_INFO = NO;
				MTL_FAST_MATH = YES;
				SDKROOT = iphoneos;
				SWIFT_COMPILATION_MODE = wholemodule;
				SWIFT_OPTIMIZATION_LEVEL = "-O";
				VALIDATE_PRODUCT = YES;
			};
			name = Release;
		};
		166B1F2B2285CC0C00B84AF0 /* Debug */ = {
			isa = XCBuildConfiguration;
			buildSettings = {
				ASSETCATALOG_COMPILER_APPICON_NAME = AppIcon;
				CODE_SIGN_STYLE = Automatic;
				INFOPLIST_FILE = "$(SRCROOT)/Resources/Info.plist";
				LD_RUNPATH_SEARCH_PATHS = (
					"$(inherited)",
					"@executable_path/Frameworks",
				);
				PRODUCT_BUNDLE_IDENTIFIER = "Leah-Cluff.ShoppingList";
				PRODUCT_NAME = "$(TARGET_NAME)";
				SWIFT_VERSION = 5.0;
				TARGETED_DEVICE_FAMILY = "1,2";
			};
			name = Debug;
		};
		166B1F2C2285CC0C00B84AF0 /* Release */ = {
			isa = XCBuildConfiguration;
			buildSettings = {
				ASSETCATALOG_COMPILER_APPICON_NAME = AppIcon;
				CODE_SIGN_STYLE = Automatic;
				INFOPLIST_FILE = "$(SRCROOT)/Resources/Info.plist";
				LD_RUNPATH_SEARCH_PATHS = (
					"$(inherited)",
					"@executable_path/Frameworks",
				);
				PRODUCT_BUNDLE_IDENTIFIER = "Leah-Cluff.ShoppingList";
				PRODUCT_NAME = "$(TARGET_NAME)";
				SWIFT_VERSION = 5.0;
				TARGETED_DEVICE_FAMILY = "1,2";
			};
			name = Release;
		};
		166B1F2E2285CC0C00B84AF0 /* Debug */ = {
			isa = XCBuildConfiguration;
			buildSettings = {
				ALWAYS_EMBED_SWIFT_STANDARD_LIBRARIES = YES;
				BUNDLE_LOADER = "$(TEST_HOST)";
				CODE_SIGN_STYLE = Automatic;
				INFOPLIST_FILE = ShoppingListTests/Info.plist;
				LD_RUNPATH_SEARCH_PATHS = (
					"$(inherited)",
					"@executable_path/Frameworks",
					"@loader_path/Frameworks",
				);
				PRODUCT_BUNDLE_IDENTIFIER = "Leah-Cluff.ShoppingListTests";
				PRODUCT_NAME = "$(TARGET_NAME)";
				SWIFT_VERSION = 5.0;
				TARGETED_DEVICE_FAMILY = "1,2";
				TEST_HOST = "$(BUILT_PRODUCTS_DIR)/List.app/List";
			};
			name = Debug;
		};
		166B1F2F2285CC0C00B84AF0 /* Release */ = {
			isa = XCBuildConfiguration;
			buildSettings = {
				ALWAYS_EMBED_SWIFT_STANDARD_LIBRARIES = YES;
				BUNDLE_LOADER = "$(TEST_HOST)";
				CODE_SIGN_STYLE = Automatic;
				INFOPLIST_FILE = ShoppingListTests/Info.plist;
				LD_RUNPATH_SEARCH_PATHS = (
					"$(inherited)",
					"@executable_path/Frameworks",
					"@loader_path/Frameworks",
				);
				PRODUCT_BUNDLE_IDENTIFIER = "Leah-Cluff.ShoppingListTests";
				PRODUCT_NAME = "$(TARGET_NAME)";
				SWIFT_VERSION = 5.0;
				TARGETED_DEVICE_FAMILY = "1,2";
				TEST_HOST = "$(BUILT_PRODUCTS_DIR)/List.app/List";
			};
			name = Release;
		};
		166B1F312285CC0C00B84AF0 /* Debug */ = {
			isa = XCBuildConfiguration;
			buildSettings = {
				ALWAYS_EMBED_SWIFT_STANDARD_LIBRARIES = YES;
				CODE_SIGN_STYLE = Automatic;
				INFOPLIST_FILE = ShoppingListUITests/Info.plist;
				LD_RUNPATH_SEARCH_PATHS = (
					"$(inherited)",
					"@executable_path/Frameworks",
					"@loader_path/Frameworks",
				);
				PRODUCT_BUNDLE_IDENTIFIER = "Leah-Cluff.ShoppingListUITests";
				PRODUCT_NAME = "$(TARGET_NAME)";
				SWIFT_VERSION = 5.0;
				TARGETED_DEVICE_FAMILY = "1,2";
				TEST_TARGET_NAME = ShoppingList;
			};
			name = Debug;
		};
		166B1F322285CC0C00B84AF0 /* Release */ = {
			isa = XCBuildConfiguration;
			buildSettings = {
				ALWAYS_EMBED_SWIFT_STANDARD_LIBRARIES = YES;
				CODE_SIGN_STYLE = Automatic;
				INFOPLIST_FILE = ShoppingListUITests/Info.plist;
				LD_RUNPATH_SEARCH_PATHS = (
					"$(inherited)",
					"@executable_path/Frameworks",
					"@loader_path/Frameworks",
				);
				PRODUCT_BUNDLE_IDENTIFIER = "Leah-Cluff.ShoppingListUITests";
				PRODUCT_NAME = "$(TARGET_NAME)";
				SWIFT_VERSION = 5.0;
				TARGETED_DEVICE_FAMILY = "1,2";
				TEST_TARGET_NAME = ShoppingList;
			};
			name = Release;
		};
/* End XCBuildConfiguration section */

/* Begin XCConfigurationList section */
		166B1EFD2285CC0C00B84AF0 /* Build configuration list for PBXProject "List" */ = {
			isa = XCConfigurationList;
			buildConfigurations = (
				166B1F282285CC0C00B84AF0 /* Debug */,
				166B1F292285CC0C00B84AF0 /* Release */,
			);
			defaultConfigurationIsVisible = 0;
			defaultConfigurationName = Release;
		};
		166B1F2A2285CC0C00B84AF0 /* Build configuration list for PBXNativeTarget "List" */ = {
			isa = XCConfigurationList;
			buildConfigurations = (
				166B1F2B2285CC0C00B84AF0 /* Debug */,
				166B1F2C2285CC0C00B84AF0 /* Release */,
			);
			defaultConfigurationIsVisible = 0;
			defaultConfigurationName = Release;
		};
		166B1F2D2285CC0C00B84AF0 /* Build configuration list for PBXNativeTarget "ListTests" */ = {
			isa = XCConfigurationList;
			buildConfigurations = (
				166B1F2E2285CC0C00B84AF0 /* Debug */,
				166B1F2F2285CC0C00B84AF0 /* Release */,
			);
			defaultConfigurationIsVisible = 0;
			defaultConfigurationName = Release;
		};
		166B1F302285CC0C00B84AF0 /* Build configuration list for PBXNativeTarget "ListUITests" */ = {
			isa = XCConfigurationList;
			buildConfigurations = (
				166B1F312285CC0C00B84AF0 /* Debug */,
				166B1F322285CC0C00B84AF0 /* Release */,
			);
			defaultConfigurationIsVisible = 0;
			defaultConfigurationName = Release;
		};
/* End XCConfigurationList section */

/* Begin XCVersionGroup section */
		166B1F362285CCC900B84AF0 /* List.xcdatamodeld */ = {
			isa = XCVersionGroup;
			children = (
				166B1F372285CCC900B84AF0 /* ShoppingList.xcdatamodel */,
			);
			currentVersion = 166B1F372285CCC900B84AF0 /* ShoppingList.xcdatamodel */;
			path = List.xcdatamodeld;
			sourceTree = "<group>";
			versionGroupType = wrapper.xcdatamodel;
		};
/* End XCVersionGroup section */
	};
	rootObject = 166B1EFA2285CC0C00B84AF0 /* Project object */;
}
